
Microsoft Visual Studio Solution File, Format Version 12.00
# Visual Studio Version 17
VisualStudioVersion = 17.3.32929.385
MinimumVisualStudioVersion = 10.0.40219.1
Project("{FAE04EC0-301F-11D3-BF4B-00C04F79EFBC}") = "calculator", "calculator\calculator.csproj", "{E16E4EAA-D8F8-4DF6-9815-9B221C6BA5E8}"
EndProject
Global
	GlobalSection(SolutionConfigurationPlatforms) = preSolution
		Debug|Any CPU = Debug|Any CPU
		Release|Any CPU = Release|Any CPU
	EndGlobalSection
	GlobalSection(ProjectConfigurationPlatforms) = postSolution
		{E16E4EAA-D8F8-4DF6-9815-9B221C6BA5E8}.Debug|Any CPU.ActiveCfg = Debug|Any CPU
		{E16E4EAA-D8F8-4DF6-9815-9B221C6BA5E8}.Debug|Any CPU.Build.0 = Debug|Any CPU
		{E16E4EAA-D8F8-4DF6-9815-9B221C6BA5E8}.Release|Any CPU.ActiveCfg = Release|Any CPU
		{E16E4EAA-D8F8-4DF6-9815-9B221C6BA5E8}.Release|Any CPU.Build.0 = Release|Any CPU
	EndGlobalSection
	GlobalSection(SolutionProperties) = preSolution
		HideSolutionNode = FALSE
	EndGlobalSection
	GlobalSection(ExtensibilityGlobals) = postSolution
		SolutionGuid = {C38BD5E0-26C8-4B23-97E5-69A4BD16A178}
	EndGlobalSection
EndGlobal
